{
    "_meta": {
        "hash": {
            "sha256": "f91db9f92ca85a1a00410e8402948611d0cc7cf80cf05f3935cbbe91b1b33f67"
        },
        "pipfile-spec": 6,
        "requires": {
            "python_version": "3.11"
        },
        "sources": [
            {
                "name": "pypi",
                "url": "https://pypi.org/simple",
                "verify_ssl": true
            }
        ]
    },
    "default": {
        "parameterized": {
            "hashes": [
                "sha256:4e0758e3d41bea3bbd05ec14fc2c24736723f243b28d702081aef438c9372b1b",
                "sha256:7fc905272cefa4f364c1a3429cbbe9c0f98b793988efb5bf90aac80f08db09b1"
            ],
            "index": "pypi",
            "version": "==0.9.0"
        }
    },
    "develop": {
        "debugpy": {
            "hashes": [
                "sha256:0679b7e1e3523bd7d7869447ec67b59728675aadfc038550a63a362b63029d2c",
                "sha256:279d64c408c60431c8ee832dfd9ace7c396984fd7341fa3116aee414e7dcd88d",
                "sha256:33edb4afa85c098c24cc361d72ba7c21bb92f501104514d4ffec1fb36e09c01a",
                "sha256:38ed626353e7c63f4b11efad659be04c23de2b0d15efff77b60e4740ea685d07",
                "sha256:5224eabbbeddcf1943d4e2821876f3e5d7d383f27390b82da5d9558fd4eb30a9",
                "sha256:53f7a456bc50706a0eaabecf2d3ce44c4d5010e46dfc65b6b81a518b42866267",
                "sha256:9cd10cf338e0907fdcf9eac9087faa30f150ef5445af5a545d307055141dd7a4",
                "sha256:aaf6da50377ff4056c8ed470da24632b42e4087bc826845daad7af211e00faad",
                "sha256:b3e7ac809b991006ad7f857f016fa92014445085711ef111fdc3f74f66144096",
                "sha256:bae1123dff5bfe548ba1683eb972329ba6d646c3a80e6b4c06cd1b1dd0205e9b",
                "sha256:c0ff93ae90a03b06d85b2c529eca51ab15457868a377c4cc40a23ab0e4e552a3",
                "sha256:c4c2f0810fa25323abfdfa36cbbbb24e5c3b1a42cb762782de64439c575d67f2",
                "sha256:d71b31117779d9a90b745720c0eab54ae1da76d5b38c8026c654f4a066b0130a",
                "sha256:dbe04e7568aa69361a5b4c47b4493d5680bfa3a911d1e105fbea1b1f23f3eb45",
                "sha256:de86029696e1b3b4d0d49076b9eba606c226e33ae312a57a46dca14ff370894d",
                "sha256:e3876611d114a18aafef6383695dfc3f1217c98a9168c1aaf1a02b01ec7d8d1e",
                "sha256:ed6d5413474e209ba50b1a75b2d9eecf64d41e6e4501977991cdc755dc83ab0f",
                "sha256:f90a2d4ad9a035cee7331c06a4cf2245e38bd7c89554fe3b616d90ab8aab89cc"
            ],
            "index": "pypi",
            "version": "==1.6.7"
        }
    }
}
